
Microsoft Visual Studio Solution File, Format Version 12.00
# Visual Studio Version 17
VisualStudioVersion = 17.14.36915.13 d17.14
MinimumVisualStudioVersion = 10.0.40219.1
Project("{FAE04EC0-301F-11D3-BF4B-00C04F79EFBC}") = "TemplateGIWPage", "TemplateGIWPage\TemplateGIWPage.csproj", "{2C74A9E5-0B41-4916-AB13-F9992E89B1A7}"
EndProject
Global
	GlobalSection(SolutionConfigurationPlatforms) = preSolution
		Debug|Any CPU = Debug|Any CPU
		Release|Any CPU = Release|Any CPU
	EndGlobalSection
	GlobalSection(ProjectConfigurationPlatforms) = postSolution
		{2C74A9E5-0B41-4916-AB13-F9992E89B1A7}.Debug|Any CPU.ActiveCfg = Debug|Any CPU
		{2C74A9E5-0B41-4916-AB13-F9992E89B1A7}.Debug|Any CPU.Build.0 = Debug|Any CPU
		{2C74A9E5-0B41-4916-AB13-F9992E89B1A7}.Release|Any CPU.ActiveCfg = Release|Any CPU
		{2C74A9E5-0B41-4916-AB13-F9992E89B1A7}.Release|Any CPU.Build.0 = Release|Any CPU
	EndGlobalSection
	GlobalSection(SolutionProperties) = preSolution
		HideSolutionNode = FALSE
	EndGlobalSection
	GlobalSection(ExtensibilityGlobals) = postSolution
		SolutionGuid = {AF9BE4F3-B490-4452-A753-4CE53A1A71BF}
	EndGlobalSection
EndGlobal
